
Microsoft Visual Studio Solution File, Format Version 12.00
# Visual Studio Version 17
VisualStudioVersion = 17.8.34309.116
MinimumVisualStudioVersion = 10.0.40219.1
Project("{FAE04EC0-301F-11D3-BF4B-00C04F79EFBC}") = "Proyecto Probabilidad Estadistica", "Proyecto Probabilidad Estadistica\Proyecto Probabilidad Estadistica.csproj", "{EBD2AE24-96E9-4257-ACF7-B57C277A3CC8}"
EndProject
Global
	GlobalSection(SolutionConfigurationPlatforms) = preSolution
		Debug|Any CPU = Debug|Any CPU
		Release|Any CPU = Release|Any CPU
	EndGlobalSection
	GlobalSection(ProjectConfigurationPlatforms) = postSolution
		{EBD2AE24-96E9-4257-ACF7-B57C277A3CC8}.Debug|Any CPU.ActiveCfg = Debug|Any CPU
		{EBD2AE24-96E9-4257-ACF7-B57C277A3CC8}.Debug|Any CPU.Build.0 = Debug|Any CPU
		{EBD2AE24-96E9-4257-ACF7-B57C277A3CC8}.Release|Any CPU.ActiveCfg = Release|Any CPU
		{EBD2AE24-96E9-4257-ACF7-B57C277A3CC8}.Release|Any CPU.Build.0 = Release|Any CPU
	EndGlobalSection
	GlobalSection(SolutionProperties) = preSolution
		HideSolutionNode = FALSE
	EndGlobalSection
	GlobalSection(ExtensibilityGlobals) = postSolution
		SolutionGuid = {3BE7183D-98E7-42C7-86EA-8FE69121DC86}
	EndGlobalSection
EndGlobal
